<?xml version="1.0" encoding="utf-8"?>
<Project ToolsVersion="4.0" xmlns="http://schemas.microsoft.com/developer/msbuild/2003">
  <ItemGroup>
    <Filter Include="Source Files">
      <UniqueIdentifier>{4FC737F1-C7A5-4376-A066-2A32D752A2FF}</UniqueIdentifier>
      <Extensions>cpp;c;cc;cxx;c++;cppm;ixx;def;odl;idl;hpj;bat;asm;asmx</Extensions>
    </Filter>
    <Filter Include="Header Files">
      <UniqueIdentifier>{93995380-89BD-4b04-88EB-625FBE52EBFB}</UniqueIdentifier>
      <Extensions>h;hh;hpp;hxx;h++;hm;inl;inc;ipp;xsd</Extensions>
    </Filter>
    <Filter Include="Resource Files">
      <UniqueIdentifier>{67DA6AB6-F800-4c08-8B7A-83BB121AAD01}</UniqueIdentifier>
      <Extensions>rc;ico;cur;bmp;dlg;rc2;rct;bin;rgs;gif;jpg;jpeg;jpe;resx;tiff;tif;png;wav;mfcribbon-ms</Extensions>
    </Filter>
    <Filter Include="Resource Files\Shaders">
      <UniqueIdentifier>{e652c6b2-b08d-4156-8329-4ff2476b1ff2}</UniqueIdentifier>
    </Filter>
    <Filter Include="Resource Files\Images">
      <UniqueIdentifier>{1f5074e6-3e59-411e-84dd-7ec233480d61}</UniqueIdentifier>
    </Filter>
    <Filter Include="Source Files\imgui">
      <UniqueIdentifier>{1308dabb-3761-4b7f-802a-460fdaf6d0e2}</UniqueIdentifier>
    </Filter>
    <Filter Include="Source Files\glad">
      <UniqueIdentifier>{3ebf4c63-f9d8-4ad0-b3d6-483753c1150e}</UniqueIdentifier>
    </Filter>
    <Filter Include="Source Files\stb_image">
      <UniqueIdentifier>{ce66f295-6767-476a-a20a-19edf9a19123}</UniqueIdentifier>
    </Filter>
    <Filter Include="Header Files\imgui">
      <UniqueIdentifier>{c670db7c-e2b8-4c56-9c1d-b3101f21d45e}</UniqueIdentifier>
    </Filter>
    <Filter Include="Resource Files\Backpack">
      <UniqueIdentifier>{f0ea6df3-2ee8-4bca-8ba5-fe9467eb4043}</UniqueIdentifier>
    </Filter>
  </ItemGroup>
  <ItemGroup>
    <ClCompile Include="main.cpp">
      <Filter>Source Files</Filter>
    </ClCompile>
    <ClCompile Include="shader.cpp">
      <Filter>Source Files</Filter>
    </ClCompile>
    <ClCompile Include="texture2D.cpp">
      <Filter>Source Files</Filter>
    </ClCompile>
    <ClCompile Include="include\imgui\imgui_demo.cpp">
      <Filter>Source Files\imgui</Filter>
    </ClCompile>
    <ClCompile Include="include\imgui\imgui_draw.cpp">
      <Filter>Source Files\imgui</Filter>
    </ClCompile>
    <ClCompile Include="include\imgui\imgui_tables.cpp">
      <Filter>Source Files\imgui</Filter>
    </ClCompile>
    <ClCompile Include="include\imgui\imgui_widgets.cpp">
      <Filter>Source Files\imgui</Filter>
    </ClCompile>
    <ClCompile Include="include\imgui\imgui_impl_opengl3.cpp">
      <Filter>Source Files\imgui</Filter>
    </ClCompile>
    <ClCompile Include="include\imgui\imgui_impl_glfw.cpp">
      <Filter>Source Files\imgui</Filter>
    </ClCompile>
    <ClCompile Include="include\imgui\imgui.cpp">
      <Filter>Source Files\imgui</Filter>
    </ClCompile>
    <ClCompile Include="glad.c">
      <Filter>Source Files\glad</Filter>
    </ClCompile>
    <ClCompile Include="stb_image.cpp">
      <Filter>Source Files\stb_image</Filter>
    </ClCompile>
    <ClCompile Include="mesh.cpp">
      <Filter>Source Files</Filter>
    </ClCompile>
    <ClCompile Include="model.cpp">
      <Filter>Source Files</Filter>
    </ClCompile>
  </ItemGroup>
  <ItemGroup>
    <ClInclude Include="shader.hpp">
      <Filter>Header Files</Filter>
    </ClInclude>
    <ClInclude Include="stb_image.h">
      <Filter>Header Files</Filter>
    </ClInclude>
    <ClInclude Include="camera.hpp">
      <Filter>Header Files</Filter>
    </ClInclude>
    <ClInclude Include="texture.hpp">
      <Filter>Header Files</Filter>
    </ClInclude>
    <ClInclude Include="texture2D.hpp">
      <Filter>Header Files</Filter>
    </ClInclude>
    <ClInclude Include="include\imgui\imstb_textedit.h">
      <Filter>Header Files\imgui</Filter>
    </ClInclude>
    <ClInclude Include="include\imgui\imstb_truetype.h">
      <Filter>Header Files\imgui</Filter>
    </ClInclude>
    <ClInclude Include="include\imgui\imgui_impl_opengl3_loader.h">
      <Filter>Header Files\imgui</Filter>
    </ClInclude>
    <ClInclude Include="include\imgui\imgui_impl_opengl3.h">
      <Filter>Header Files\imgui</Filter>
    </ClInclude>
    <ClInclude Include="include\imgui\imgui_impl_glfw.h">
      <Filter>Header Files\imgui</Filter>
    </ClInclude>
    <ClInclude Include="include\imgui\imconfig.h">
      <Filter>Header Files\imgui</Filter>
    </ClInclude>
    <ClInclude Include="include\imgui\imgui.h">
      <Filter>Header Files\imgui</Filter>
    </ClInclude>
    <ClInclude Include="include\imgui\imgui_internal.h">
      <Filter>Header Files\imgui</Filter>
    </ClInclude>
    <ClInclude Include="include\imgui\imstb_rectpack.h">
      <Filter>Header Files\imgui</Filter>
    </ClInclude>
    <ClInclude Include="light.hpp">
      <Filter>Header Files</Filter>
    </ClInclude>
    <ClInclude Include="mesh.hpp">
      <Filter>Header Files</Filter>
    </ClInclude>
    <ClInclude Include="model.hpp">
      <Filter>Header Files</Filter>
    </ClInclude>
  </ItemGroup>
  <ItemGroup>
    <Text Include="fragmentShaders.frag">
      <Filter>Resource Files\Shaders</Filter>
    </Text>
    <Text Include="vertexShaders.vert">
      <Filter>Resource Files\Shaders</Filter>
    </Text>
    <Text Include="backpack\source_attribution.txt">
      <Filter>Resource Files\Backpack</Filter>
    </Text>
  </ItemGroup>
  <ItemGroup>
    <Image Include="container.jpg">
      <Filter>Resource Files\Images</Filter>
    </Image>
    <Image Include="awesome-face.png">
      <Filter>Resource Files\Images</Filter>
    </Image>
    <Image Include="DirtBlock.jpg">
      <Filter>Resource Files\Images</Filter>
    </Image>
    <Image Include="wall.jpg">
      <Filter>Resource Files\Images</Filter>
    </Image>
    <Image Include="Obsidian.jpg">
      <Filter>Resource Files\Images</Filter>
    </Image>
    <Image Include="Obsidian_Specular.jpg">
      <Filter>Resource Files\Images</Filter>
    </Image>
    <Image Include="container2.png">
      <Filter>Resource Files\Images</Filter>
    </Image>
    <Image Include="container2_specular.png">
      <Filter>Resource Files\Images</Filter>
    </Image>
    <Image Include="backpack\ao.jpg">
      <Filter>Resource Files\Backpack</Filter>
    </Image>
    <Image Include="backpack\normal.png">
      <Filter>Resource Files\Backpack</Filter>
    </Image>
    <Image Include="backpack\roughness.jpg">
      <Filter>Resource Files\Backpack</Filter>
    </Image>
    <Image Include="backpack\texture_diffuse.jpg">
      <Filter>Resource Files\Backpack</Filter>
    </Image>
    <Image Include="backpack\texture_specular.jpg">
      <Filter>Resource Files\Backpack</Filter>
    </Image>
  </ItemGroup>
  <ItemGroup>
    <None Include="lightvs.vert">
      <Filter>Resource Files\Shaders</Filter>
    </None>
    <None Include="lightfs.frag">
      <Filter>Resource Files\Shaders</Filter>
    </None>
    <None Include="backpack\backpack.mtl">
      <Filter>Resource Files\Shaders</Filter>
    </None>
  </ItemGroup>
</Project>